
Microsoft Visual Studio Solution File, Format Version 12.00
# Visual Studio Version 16
VisualStudioVersion = 16.0.29926.136
MinimumVisualStudioVersion = 10.0.40219.1
Project("{FAE04EC0-301F-11D3-BF4B-00C04F79EFBC}") = "Lab_1", "Lab_1.csproj", "{277F8F85-93F5-4F7E-B59E-F2A6CF50759D}"
EndProject
Global
	GlobalSection(SolutionConfigurationPlatforms) = preSolution
		Debug|Any CPU = Debug|Any CPU
		Release|Any CPU = Release|Any CPU
	EndGlobalSection
	GlobalSection(ProjectConfigurationPlatforms) = postSolution
		{277F8F85-93F5-4F7E-B59E-F2A6CF50759D}.Debug|Any CPU.ActiveCfg = Debug|Any CPU
		{277F8F85-93F5-4F7E-B59E-F2A6CF50759D}.Debug|Any CPU.Build.0 = Debug|Any CPU
		{277F8F85-93F5-4F7E-B59E-F2A6CF50759D}.Release|Any CPU.ActiveCfg = Release|Any CPU
		{277F8F85-93F5-4F7E-B59E-F2A6CF50759D}.Release|Any CPU.Build.0 = Release|Any CPU
	EndGlobalSection
	GlobalSection(SolutionProperties) = preSolution
		HideSolutionNode = FALSE
	EndGlobalSection
	GlobalSection(ExtensibilityGlobals) = postSolution
		SolutionGuid = {084FC198-F9A5-4A3D-B6F6-34133F6F3142}
	EndGlobalSection
EndGlobal
