
Microsoft Visual Studio Solution File, Format Version 12.00
# Visual Studio Version 16
VisualStudioVersion = 16.0.30523.141
MinimumVisualStudioVersion = 10.0.40219.1
Project("{FAE04EC0-301F-11D3-BF4B-00C04F79EFBC}") = "Lab_6", "Lab_6.csproj", "{B8F3BD86-BA8C-49D8-B2FE-B2776FAADFA2}"
EndProject
Global
	GlobalSection(SolutionConfigurationPlatforms) = preSolution
		Debug|Any CPU = Debug|Any CPU
		Release|Any CPU = Release|Any CPU
	EndGlobalSection
	GlobalSection(ProjectConfigurationPlatforms) = postSolution
		{B8F3BD86-BA8C-49D8-B2FE-B2776FAADFA2}.Debug|Any CPU.ActiveCfg = Debug|Any CPU
		{B8F3BD86-BA8C-49D8-B2FE-B2776FAADFA2}.Debug|Any CPU.Build.0 = Debug|Any CPU
		{B8F3BD86-BA8C-49D8-B2FE-B2776FAADFA2}.Release|Any CPU.ActiveCfg = Release|Any CPU
		{B8F3BD86-BA8C-49D8-B2FE-B2776FAADFA2}.Release|Any CPU.Build.0 = Release|Any CPU
	EndGlobalSection
	GlobalSection(SolutionProperties) = preSolution
		HideSolutionNode = FALSE
	EndGlobalSection
	GlobalSection(ExtensibilityGlobals) = postSolution
		SolutionGuid = {1049E4B8-A25F-4D1B-913E-E883B002AF00}
	EndGlobalSection
EndGlobal
